lockfileVersion: '9.0'

settings:
  autoInstallPeers: true
  excludeLinksFromLockfile: false

importers:

  .:
    dependencies:
      '@tdesign-vue-next/chat':
        specifier: ^0.4.6
        version: 0.4.6(vue@3.5.21(typescript@5.8.3))
      tdesign-icons-vue-next:
        specifier: ^0.4.1
        version: 0.4.1(vue@3.5.21(typescript@5.8.3))
      tdesign-vue-next:
        specifier: ^1.16.1
        version: 1.16.1(vue@3.5.21(typescript@5.8.3))
      vue:
        specifier: ^3.5.21
        version: 3.5.21(typescript@5.8.3)
    devDependencies:
      '@vitejs/plugin-vue':
        specifier: ^6.0.1
        version: 6.0.1(rolldown-vite@7.1.12(less@4.4.1))(vue@3.5.21(typescript@5.8.3))
      '@vue/tsconfig':
        specifier: ^0.8.1
        version: 0.8.1(typescript@5.8.3)(vue@3.5.21(typescript@5.8.3))
      less:
        specifier: ^4.4.1
        version: 4.4.1
      typescript:
        specifier: ~5.8.3
        version: 5.8.3
      vite:
        specifier: npm:rolldown-vite@7.1.12
        version: rolldown-vite@7.1.12(less@4.4.1)
      vue-tsc:
        specifier: ^3.0.7
        version: 3.0.8(typescript@5.8.3)

packages:

  '@babel/helper-string-parser@7.27.1':
    resolution: {integrity: sha512-qMlSxKbpRlAridDExk92nSobyDdpPijUq2DW6oDnUqd0iOGxmQjyqhMIihI9+zv4LPyZdRje2cavWPbCbWm3eA==}
    engines: {node: '>=6.9.0'}

  '@babel/helper-validator-identifier@7.27.1':
    resolution: {integrity: sha512-D2hP9eA+Sqx1kBZgzxZh0y1trbuU+JoDkiEwqhQ36nodYqJwyEIhPSdMNd7lOm/4io72luTPWH20Yda0xOuUow==}
    engines: {node: '>=6.9.0'}

  '@babel/parser@7.28.4':
    resolution: {integrity: sha512-yZbBqeM6TkpP9du/I2pUZnJsRMGGvOuIrhjzC1AwHwW+6he4mni6Bp/m8ijn0iOuZuPI2BfkCoSRunpyjnrQKg==}
    engines: {node: '>=6.0.0'}
    hasBin: true

  '@babel/runtime@7.28.4':
    resolution: {integrity: sha512-Q/N6JNWvIvPnLDvjlE1OUBLPQHH6l3CltCEsHIujp45zQUSSh8K+gHnaEX45yAT1nyngnINhvWtzN+Nb9D8RAQ==}
    engines: {node: '>=6.9.0'}

  '@babel/types@7.28.4':
    resolution: {integrity: sha512-bkFqkLhh3pMBUQQkpVgWDWq/lqzc2678eUyDlTBhRqhCHFguYYGM0Efga7tYk4TogG/3x0EEl66/OQ+WGbWB/Q==}
    engines: {node: '>=6.9.0'}

  '@emnapi/core@1.5.0':
    resolution: {integrity: sha512-sbP8GzB1WDzacS8fgNPpHlp6C9VZe+SJP3F90W9rLemaQj2PzIuTEl1qDOYQf58YIpyjViI24y9aPWCjEzY2cg==}

  '@emnapi/runtime@1.5.0':
    resolution: {integrity: sha512-97/BJ3iXHww3djw6hYIfErCZFee7qCtrneuLa20UXFCOTCfBM2cvQHjWJ2EG0s0MtdNwInarqCTz35i4wWXHsQ==}

  '@emnapi/wasi-threads@1.1.0':
    resolution: {integrity: sha512-WI0DdZ8xFSbgMjR1sFsKABJ/C5OnRrjT06JXbZKexJGrDuPTzZdDYfFlsgcCXCyf+suG5QU2e/y1Wo2V/OapLQ==}

  '@jridgewell/sourcemap-codec@1.5.5':
    resolution: {integrity: sha512-cYQ9310grqxueWbl+WuIUIaiUaDcj7WOq5fVhEljNVgRfOUhY9fy2zTvfoqWsnebh8Sl70VScFbICvJnLKB0Og==}

  '@napi-rs/wasm-runtime@1.0.5':
    resolution: {integrity: sha512-TBr9Cf9onSAS2LQ2+QHx6XcC6h9+RIzJgbqG3++9TUZSH204AwEy5jg3BTQ0VATsyoGj4ee49tN/y6rvaOOtcg==}

  '@oxc-project/runtime@0.90.0':
    resolution: {integrity: sha512-TfWn2tT97Weq1/1kTc+6ZeQ3TTj8350HoovtWaUYkX1nie7ONBqeMvudpluj4rmt2jc+l1QsBV/U70Oqsv1S4A==}
    engines: {node: ^20.19.0 || >=22.12.0}

  '@oxc-project/types@0.90.0':
    resolution: {integrity: sha512-fWvaufWUcLtm/OBKcNmxUkR0kQW5ZKAF0t03BXPqdzpxmnVCmSKzvUDRCOKnSagSfNzG/3ZdKpComH3GMy881g==}

  '@popperjs/core@2.11.8':
    resolution: {integrity: sha512-P1st0aksCrn9sGZhp8GMYwBnQsbvAWsZAX44oXNNvLHGqAOcoVxmjZiohstwQ7SqKnbR47akdNi+uleWD8+g6A==}

  '@rolldown/binding-android-arm64@1.0.0-beta.39':
    resolution: {integrity: sha512-mjraAJQ3VRLPb3BUgVigHvmAYhiBpEeSM0dhvaO6XHtJ0k1o9Ng1Z6Qvlp4/1wDiUf7a10L5c3yleoGZ2r0Maw==}
    engines: {node: ^20.19.0 || >=22.12.0}
    cpu: [arm64]
    os: [android]

  '@rolldown/binding-darwin-arm64@1.0.0-beta.39':
    resolution: {integrity: sha512-tnuiLq9vd08KsZeFkFgzCXVKsTgSZGn+YBQjHSEiUvXJy5pfUf82X/YyLCG8P6I+WDd2cgrcLilMBQPZgaNwkg==}
    engines: {node: ^20.19.0 || >=22.12.0}
    cpu: [arm64]
    os: [darwin]

  '@rolldown/binding-darwin-x64@1.0.0-beta.39':
    resolution: {integrity: sha512-wLFoB3ZM4AoeBlsP0eVbPzWfkEgvmnibMQEKUgWRfJnKhUWiSxl0kGdSw1fNYdX3KAqIeA5gPJNvSJmf6g5S3Q==}
    engines: {node: ^20.19.0 || >=22.12.0}
    cpu: [x64]
    os: [darwin]

  '@rolldown/binding-freebsd-x64@1.0.0-beta.39':
    resolution: {integrity: sha512-wzFZlixF9VMbyi++rHCU4Cy72SH11aBNnkadmvwTAbokwjYHi8NqxQ3/Lx00c700N6kwwuiTsbcGt5DEA9aROw==}
    engines: {node: ^20.19.0 || >=22.12.0}
    cpu: [x64]
    os: [freebsd]

  '@rolldown/binding-linux-arm-gnueabihf@1.0.0-beta.39':
    resolution: {integrity: sha512-eVnZcwGbje1uwdFjeQZQ6918RHgGIK7iTC+AoDsgetgAXQmQpnuWYQ9OWa5oTHNQyCkZbMfiHKgpkUPpceMecw==}
    engines: {node: ^20.19.0 || >=22.12.0}
    cpu: [arm]
    os: [linux]

  '@rolldown/binding-linux-arm64-gnu@1.0.0-beta.39':
    resolution: {integrity: sha512-Td96iRQA0nmRZM6kJ3+LDDKWLh4bl0zqeR+IYxXwPZBw4iXSREzXrcZ3QqgFHqnXPgryIJEW1U1Ebh2xf+b2UA==}
    engines: {node: ^20.19.0 || >=22.12.0}
    cpu: [arm64]
    os: [linux]
    libc: [glibc]

  '@rolldown/binding-linux-arm64-musl@1.0.0-beta.39':
    resolution: {integrity: sha512-bcSIh1TFUoPcexJH+gO1sE6wpSR0j3UpWBnjAwyM1PRKfjtqN4R9Du90ofH5KsR/A35FT3eP4mdnhMDTd5Yt+A==}
    engines: {node: ^20.19.0 || >=22.12.0}
    cpu: [arm64]
    os: [linux]
    libc: [musl]

  '@rolldown/binding-linux-x64-gnu@1.0.0-beta.39':
    resolution: {integrity: sha512-tYEcZdVGovEemh7ELr+VUoezGkuBgRZYvDHHW/HVIw9LQW5HKLtBIGLzFlOfu/Lq5b9FlDKl+lrY6weviaNnKw==}
    engines: {node: ^20.19.0 || >=22.12.0}
    cpu: [x64]
    os: [linux]
    libc: [glibc]

  '@rolldown/binding-linux-x64-musl@1.0.0-beta.39':
    resolution: {integrity: sha512-xf9QdMC+qwQxtFAty/9RxgCLFdp9pFl09g86hxGPzlzCtHUjd+BmeUnUTXvVC8CHJLWECLQbFP6/233XHG0blA==}
    engines: {node: ^20.19.0 || >=22.12.0}
    cpu: [x64]
    os: [linux]
    libc: [musl]

  '@rolldown/binding-openharmony-arm64@1.0.0-beta.39':
    resolution: {integrity: sha512-QCvN02VpE6zFYry0zAU+29D5+O9tJELNt+OjuCubilZdD/S8xFdho7qBJaa3YhFYyA9cReOMVH8Z8b3yWb4hcA==}
    engines: {node: ^20.19.0 || >=22.12.0}
    cpu: [arm64]
    os: [openharmony]

  '@rolldown/binding-wasm32-wasi@1.0.0-beta.39':
    resolution: {integrity: sha512-LFgshxApyBNiBHFVpun7tPrIQ4TvxW0f/endC5C4RzEHu7mxexBCQEkO5XrZ42Cr5DUY+ERNbkfNTUv+vVCaxQ==}
    engines: {node: '>=14.0.0'}
    cpu: [wasm32]

  '@rolldown/binding-win32-arm64-msvc@1.0.0-beta.39':
    resolution: {integrity: sha512-Mykirawg+s1e0uzVSEFhUBTShvXrOghPnyuLYkCfw8gzy8bMYiJuxsAfcopzZIIAVOHeSblJoiA/e7gYFjg8HA==}
    engines: {node: ^20.19.0 || >=22.12.0}
    cpu: [arm64]
    os: [win32]

  '@rolldown/binding-win32-ia32-msvc@1.0.0-beta.39':
    resolution: {integrity: sha512-4PQJfWx7mdzXbAa4y+3OSSo911BZyJ/Is4pJKiwcGUqtvY66MX7BqlNWMr9QAozArAGE2knDubLqCQwZpK631w==}
    engines: {node: ^20.19.0 || >=22.12.0}
    cpu: [ia32]
    os: [win32]

  '@rolldown/binding-win32-x64-msvc@1.0.0-beta.39':
    resolution: {integrity: sha512-0zmmPOWbFfp1g9ofieimHwhuclZMcib0HL52Q+JTRpOHChI2f83TtH3duKWtAaxqhLUndTr/Z5sxzb+G2FNL9g==}
    engines: {node: ^20.19.0 || >=22.12.0}
    cpu: [x64]
    os: [win32]

  '@rolldown/pluginutils@1.0.0-beta.29':
    resolution: {integrity: sha512-NIJgOsMjbxAXvoGq/X0gD7VPMQ8j9g0BiDaNjVNVjvl+iKXxL3Jre0v31RmBYeLEmkbj2s02v8vFTbUXi5XS2Q==}

  '@rolldown/pluginutils@1.0.0-beta.39':
    resolution: {integrity: sha512-GkTtNCV8ObWbq3LrJStPBv9jkRPct8WlwotVjx3aU0RwfH3LyheixWK9Zhaj22C4EQj/TJxYyetoX+uOn/MWKw==}

  '@tdesign-vue-next/chat@0.4.6':
    resolution: {integrity: sha512-fz2EJ9KQefowWHFD2KEYZc/JNLMzSbaFVw33kcWnZ/2dbm5dMgZOZlON0bv0zfWvlwz5BY/4GFjKYj8GmIa46Q==}
    peerDependencies:
      vue: '>=3.1.0'

  '@tybys/wasm-util@0.10.1':
    resolution: {integrity: sha512-9tTaPJLSiejZKx+Bmog4uSubteqTvFrVrURwkmHixBo0G4seD0zUxp98E1DzUBJxLQ3NPwXrGKDiVjwx/DpPsg==}

  '@types/lodash-es@4.17.12':
    resolution: {integrity: sha512-0NgftHUcV4v34VhXm8QBSftKVXtbkBG3ViCjs6+eJ5a6y6Mi/jiFGPc1sC7QK+9BFhWrURE3EOggmWaSxL9OzQ==}

  '@types/lodash@4.17.20':
    resolution: {integrity: sha512-H3MHACvFUEiujabxhaI/ImO6gUrd8oOurg7LQtS7mbwIXA/cUqWrvBsaeJ23aZEPk1TAYkurjfMbSELfoCXlGA==}

  '@types/sortablejs@1.15.8':
    resolution: {integrity: sha512-b79830lW+RZfwaztgs1aVPgbasJ8e7AXtZYHTELNXZPsERt4ymJdjV4OccDbHQAvHrCcFpbF78jkm0R6h/pZVg==}

  '@types/tinycolor2@1.4.6':
    resolution: {integrity: sha512-iEN8J0BoMnsWBqjVbWH/c0G0Hh7O21lpR2/+PrvAVgWdzL7eexIFm4JN/Wn10PTcmNdtS6U67r499mlWMXOxNw==}

  '@types/validator@13.15.3':
    resolution: {integrity: sha512-7bcUmDyS6PN3EuD9SlGGOxM77F8WLVsrwkxyWxKnxzmXoequ6c7741QBrANq6htVRGOITJ7z72mTP6Z4XyuG+Q==}

  '@vitejs/plugin-vue@6.0.1':
    resolution: {integrity: sha512-+MaE752hU0wfPFJEUAIxqw18+20euHHdxVtMvbFcOEpjEyfqXH/5DCoTHiVJ0J29EhTJdoTkjEv5YBKU9dnoTw==}
    engines: {node: ^20.19.0 || >=22.12.0}
    peerDependencies:
      vite: ^5.0.0 || ^6.0.0 || ^7.0.0
      vue: ^3.2.25

  '@volar/language-core@2.4.23':
    resolution: {integrity: sha512-hEEd5ET/oSmBC6pi1j6NaNYRWoAiDhINbT8rmwtINugR39loROSlufGdYMF9TaKGfz+ViGs1Idi3mAhnuPcoGQ==}

  '@volar/source-map@2.4.23':
    resolution: {integrity: sha512-Z1Uc8IB57Lm6k7q6KIDu/p+JWtf3xsXJqAX/5r18hYOTpJyBn0KXUR8oTJ4WFYOcDzWC9n3IflGgHowx6U6z9Q==}

  '@volar/typescript@2.4.23':
    resolution: {integrity: sha512-lAB5zJghWxVPqfcStmAP1ZqQacMpe90UrP5RJ3arDyrhy4aCUQqmxPPLB2PWDKugvylmO41ljK7vZ+t6INMTag==}

  '@vue/compiler-core@3.5.21':
    resolution: {integrity: sha512-8i+LZ0vf6ZgII5Z9XmUvrCyEzocvWT+TeR2VBUVlzIH6Tyv57E20mPZ1bCS+tbejgUgmjrEh7q/0F0bibskAmw==}

  '@vue/compiler-dom@3.5.21':
    resolution: {integrity: sha512-jNtbu/u97wiyEBJlJ9kmdw7tAr5Vy0Aj5CgQmo+6pxWNQhXZDPsRr1UWPN4v3Zf82s2H3kF51IbzZ4jMWAgPlQ==}

  '@vue/compiler-sfc@3.5.21':
    resolution: {integrity: sha512-SXlyk6I5eUGBd2v8Ie7tF6ADHE9kCR6mBEuPyH1nUZ0h6Xx6nZI29i12sJKQmzbDyr2tUHMhhTt51Z6blbkTTQ==}

  '@vue/compiler-ssr@3.5.21':
    resolution: {integrity: sha512-vKQ5olH5edFZdf5ZrlEgSO1j1DMA4u23TVK5XR1uMhvwnYvVdDF0nHXJUblL/GvzlShQbjhZZ2uvYmDlAbgo9w==}

  '@vue/compiler-vue2@2.7.16':
    resolution: {integrity: sha512-qYC3Psj9S/mfu9uVi5WvNZIzq+xnXMhOwbTFKKDD7b1lhpnn71jXSFdTQ+WsIEk0ONCd7VV2IMm7ONl6tbQ86A==}

  '@vue/language-core@3.0.8':
    resolution: {integrity: sha512-eYs6PF7bxoPYvek9qxceo1BCwFbJZYqJll+WaYC8o8ec60exqj+n+QRGGiJHSeUfYp0hDxARbMdxMq/fbPgU5g==}
    peerDependencies:
      typescript: '*'
    peerDependenciesMeta:
      typescript:
        optional: true

  '@vue/reactivity@3.5.21':
    resolution: {integrity: sha512-3ah7sa+Cwr9iiYEERt9JfZKPw4A2UlbY8RbbnH2mGCE8NwHkhmlZt2VsH0oDA3P08X3jJd29ohBDtX+TbD9AsA==}

  '@vue/runtime-core@3.5.21':
    resolution: {integrity: sha512-+DplQlRS4MXfIf9gfD1BOJpk5RSyGgGXD/R+cumhe8jdjUcq/qlxDawQlSI8hCKupBlvM+3eS1se5xW+SuNAwA==}

  '@vue/runtime-dom@3.5.21':
    resolution: {integrity: sha512-3M2DZsOFwM5qI15wrMmNF5RJe1+ARijt2HM3TbzBbPSuBHOQpoidE+Pa+XEaVN+czbHf81ETRoG1ltztP2em8w==}

  '@vue/server-renderer@3.5.21':
    resolution: {integrity: sha512-qr8AqgD3DJPJcGvLcJKQo2tAc8OnXRcfxhOJCPF+fcfn5bBGz7VCcO7t+qETOPxpWK1mgysXvVT/j+xWaHeMWA==}
    peerDependencies:
      vue: 3.5.21

  '@vue/shared@3.5.21':
    resolution: {integrity: sha512-+2k1EQpnYuVuu3N7atWyG3/xoFWIVJZq4Mz8XNOdScFI0etES75fbny/oU4lKWk/577P1zmg0ioYvpGEDZ3DLw==}

  '@vue/tsconfig@0.8.1':
    resolution: {integrity: sha512-aK7feIWPXFSUhsCP9PFqPyFOcz4ENkb8hZ2pneL6m2UjCkccvaOhC/5KCKluuBufvp2KzkbdA2W2pk20vLzu3g==}
    peerDependencies:
      typescript: 5.x
      vue: ^3.4.0
    peerDependenciesMeta:
      typescript:
        optional: true
      vue:
        optional: true

  alien-signals@2.0.7:
    resolution: {integrity: sha512-wE7y3jmYeb0+h6mr5BOovuqhFv22O/MV9j5p0ndJsa7z1zJNPGQ4ph5pQk/kTTCWRC3xsA4SmtwmkzQO+7NCNg==}

  ansis@4.1.0:
    resolution: {integrity: sha512-BGcItUBWSMRgOCe+SVZJ+S7yTRG0eGt9cXAHev72yuGcY23hnLA7Bky5L/xLyPINoSN95geovfBkqoTlNZYa7w==}
    engines: {node: '>=14'}

  clipboard@2.0.11:
    resolution: {integrity: sha512-C+0bbOqkezLIsmWSvlsXS0Q0bmkugu7jcfMIACB+RDEntIzQIkdr148we28AfSloQLRdZlYL/QYyrq05j/3Faw==}

  copy-anything@2.0.6:
    resolution: {integrity: sha512-1j20GZTsvKNkc4BY3NpMOM8tt///wY3FpIzozTOFO2ffuZcV61nojHXVKIy3WM+7ADCy5FVhdZYHYDdgTU0yJw==}

  csstype@3.1.3:
    resolution: {integrity: sha512-M1uQkMl8rQK/szD0LNhtqxIPLpimGm8sOBwU7lLnCpSbTyY3yeU1Vc7l4KT5zT4s/yOxHH5O7tIuuLOCnLADRw==}

  dayjs@1.11.18:
    resolution: {integrity: sha512-zFBQ7WFRvVRhKcWoUh+ZA1g2HVgUbsZm9sbddh8EC5iv93sui8DVVz1Npvz+r6meo9VKfa8NyLWBsQK1VvIKPA==}

  de-indent@1.0.2:
    resolution: {integrity: sha512-e/1zu3xH5MQryN2zdVaF0OrdNLUbvWxzMbi+iNA6Bky7l1RoP8a2fIbRocyHclXt/arDrrR6lL3TqFD9pMQTsg==}

  delegate@3.2.0:
    resolution: {integrity: sha512-IofjkYBZaZivn0V8nnsMJGBr4jVLxHDheKSW88PyxS5QC4Vo9ZbZVvhzlSxY87fVq3STR6r+4cGepyHkcWOQSw==}

  detect-libc@2.1.0:
    resolution: {integrity: sha512-vEtk+OcP7VBRtQZ1EJ3bdgzSfBjgnEalLTp5zjJrS+2Z1w2KZly4SBdac/WDU3hhsNAZ9E8SC96ME4Ey8MZ7cg==}
    engines: {node: '>=8'}

  entities@4.5.0:
    resolution: {integrity: sha512-V0hjH4dGPh9Ao5p0MoRY6BVqtwCjhz6vI5LT8AJ55H+4g9/4vbHx1I54fS0XuclLhDHArPQCiMjDxjaL8fPxhw==}
    engines: {node: '>=0.12'}

  errno@0.1.8:
    resolution: {integrity: sha512-dJ6oBr5SQ1VSd9qkk7ByRgb/1SH4JZjCHSW/mr63/QcXO9zLVxvJ6Oy13nio03rxpSnVDDjFor75SjVeZWPW/A==}
    hasBin: true

  estree-walker@2.0.2:
    resolution: {integrity: sha512-Rfkk/Mp/DL7JVje3u18FxFujQlTNR2q6QfMSMB7AvCBx91NGj/ba3kCfza0f6dVDbw7YlRf/nDrn7pQrCCyQ/w==}

  fdir@6.5.0:
    resolution: {integrity: sha512-tIbYtZbucOs0BRGqPJkshJUYdL+SDH7dVM8gjy+ERp3WAUjLEFJE+02kanyHtwjWOnwrKYBiwAmM0p4kLJAnXg==}
    engines: {node: '>=12.0.0'}
    peerDependencies:
      picomatch: ^3 || ^4
    peerDependenciesMeta:
      picomatch:
        optional: true

  fsevents@2.3.3:
    resolution: {integrity: sha512-5xoDfX+fL7faATnagmWPpbFtwh/R77WmMMqqHGS65C3vvB0YHrgF+B1YmZ3441tMj5n63k0212XNoJwzlhffQw==}
    engines: {node: ^8.16.0 || ^10.6.0 || >=11.0.0}
    os: [darwin]

  good-listener@1.2.2:
    resolution: {integrity: sha512-goW1b+d9q/HIwbVYZzZ6SsTr4IgE+WA44A0GmPIQstuOrgsFcT7VEJ48nmr9GaRtNu0XTKacFLGnBPAM6Afouw==}

  graceful-fs@4.2.11:
    resolution: {integrity: sha512-RbJ5/jmFcNNCcDV5o9eTnBLJ/HszWV0P73bc+Ff4nS/rJj+YaS6IGyiOL0VoBYX+l1Wrl3k63h/KrH+nhJ0XvQ==}

  he@1.2.0:
    resolution: {integrity: sha512-F/1DnUGPopORZi0ni+CvrCgHQ5FyEAHRLSApuYWMmrbSwoN2Mn/7k+Gl38gJnR7yyDZk6WLXwiGod1JOWNDKGw==}
    hasBin: true

  highlight.js@11.11.1:
    resolution: {integrity: sha512-Xwwo44whKBVCYoliBQwaPvtd/2tYFkRQtXDWj1nackaV2JPXx3L0+Jvd8/qCJ2p+ML0/XVkJ2q+Mr+UVdpJK5w==}
    engines: {node: '>=12.0.0'}

  iconv-lite@0.6.3:
    resolution: {integrity: sha512-4fCk79wshMdzMp2rH06qWrJE4iolqLhCUH+OiuIgU++RB0+94NlDL81atO7GX55uUKueo0txHNtvEyI6D7WdMw==}
    engines: {node: '>=0.10.0'}

  image-size@0.5.5:
    resolution: {integrity: sha512-6TDAlDPZxUFCv+fuOkIoXT/V/f3Qbq8e37p+YOiYrUv3v9cc3/6x78VdfPgFVaB9dZYeLUfKgHRebpkm/oP2VQ==}
    engines: {node: '>=0.10.0'}
    hasBin: true

  is-what@3.14.1:
    resolution: {integrity: sha512-sNxgpk9793nzSs7bA6JQJGeIuRBQhAaNGG77kzYQgMkrID+lS6SlK07K5LaptscDlSaIgH+GPFzf+d75FVxozA==}

  less@4.4.1:
    resolution: {integrity: sha512-X9HKyiXPi0f/ed0XhgUlBeFfxrlDP3xR4M7768Zl+WXLUViuL9AOPPJP4nCV0tgRWvTYvpNmN0SFhZOQzy16PA==}
    engines: {node: '>=14'}
    hasBin: true

  lightningcss-darwin-arm64@1.30.1:
    resolution: {integrity: sha512-c8JK7hyE65X1MHMN+Viq9n11RRC7hgin3HhYKhrMyaXflk5GVplZ60IxyoVtzILeKr+xAJwg6zK6sjTBJ0FKYQ==}
    engines: {node: '>= 12.0.0'}
    cpu: [arm64]
    os: [darwin]

  lightningcss-darwin-x64@1.30.1:
    resolution: {integrity: sha512-k1EvjakfumAQoTfcXUcHQZhSpLlkAuEkdMBsI/ivWw9hL+7FtilQc0Cy3hrx0AAQrVtQAbMI7YjCgYgvn37PzA==}
    engines: {node: '>= 12.0.0'}
    cpu: [x64]
    os: [darwin]

  lightningcss-freebsd-x64@1.30.1:
    resolution: {integrity: sha512-kmW6UGCGg2PcyUE59K5r0kWfKPAVy4SltVeut+umLCFoJ53RdCUWxcRDzO1eTaxf/7Q2H7LTquFHPL5R+Gjyig==}
    engines: {node: '>= 12.0.0'}
    cpu: [x64]
    os: [freebsd]

  lightningcss-linux-arm-gnueabihf@1.30.1:
    resolution: {integrity: sha512-MjxUShl1v8pit+6D/zSPq9S9dQ2NPFSQwGvxBCYaBYLPlCWuPh9/t1MRS8iUaR8i+a6w7aps+B4N0S1TYP/R+Q==}
    engines: {node: '>= 12.0.0'}
    cpu: [arm]
    os: [linux]

  lightningcss-linux-arm64-gnu@1.30.1:
    resolution: {integrity: sha512-gB72maP8rmrKsnKYy8XUuXi/4OctJiuQjcuqWNlJQ6jZiWqtPvqFziskH3hnajfvKB27ynbVCucKSm2rkQp4Bw==}
    engines: {node: '>= 12.0.0'}
    cpu: [arm64]
    os: [linux]
    libc: [glibc]

  lightningcss-linux-arm64-musl@1.30.1:
    resolution: {integrity: sha512-jmUQVx4331m6LIX+0wUhBbmMX7TCfjF5FoOH6SD1CttzuYlGNVpA7QnrmLxrsub43ClTINfGSYyHe2HWeLl5CQ==}
    engines: {node: '>= 12.0.0'}
    cpu: [arm64]
    os: [linux]
    libc: [musl]

  lightningcss-linux-x64-gnu@1.30.1:
    resolution: {integrity: sha512-piWx3z4wN8J8z3+O5kO74+yr6ze/dKmPnI7vLqfSqI8bccaTGY5xiSGVIJBDd5K5BHlvVLpUB3S2YCfelyJ1bw==}
    engines: {node: '>= 12.0.0'}
    cpu: [x64]
    os: [linux]
    libc: [glibc]

  lightningcss-linux-x64-musl@1.30.1:
    resolution: {integrity: sha512-rRomAK7eIkL+tHY0YPxbc5Dra2gXlI63HL+v1Pdi1a3sC+tJTcFrHX+E86sulgAXeI7rSzDYhPSeHHjqFhqfeQ==}
    engines: {node: '>= 12.0.0'}
    cpu: [x64]
    os: [linux]
    libc: [musl]

  lightningcss-win32-arm64-msvc@1.30.1:
    resolution: {integrity: sha512-mSL4rqPi4iXq5YVqzSsJgMVFENoa4nGTT/GjO2c0Yl9OuQfPsIfncvLrEW6RbbB24WtZ3xP/2CCmI3tNkNV4oA==}
    engines: {node: '>= 12.0.0'}
    cpu: [arm64]
    os: [win32]

  lightningcss-win32-x64-msvc@1.30.1:
    resolution: {integrity: sha512-PVqXh48wh4T53F/1CCu8PIPCxLzWyCnn/9T5W1Jpmdy5h9Cwd+0YQS6/LwhHXSafuc61/xg9Lv5OrCby6a++jg==}
    engines: {node: '>= 12.0.0'}
    cpu: [x64]
    os: [win32]

  lightningcss@1.30.1:
    resolution: {integrity: sha512-xi6IyHML+c9+Q3W0S4fCQJOym42pyurFiJUHEcEyHS0CeKzia4yZDEsLlqOFykxOdHpNy0NmvVO31vcSqAxJCg==}
    engines: {node: '>= 12.0.0'}

  lodash-es@4.17.21:
    resolution: {integrity: sha512-mKnC+QJ9pWVzv+C4/U3rRsHapFfHvQFoFB92e52xeyGMcX6/OlIl78je1u8vePzYZSkkogMPJ2yjxxsb89cxyw==}

  magic-string@0.30.19:
    resolution: {integrity: sha512-2N21sPY9Ws53PZvsEpVtNuSW+ScYbQdp4b9qUaL+9QkHUrGFKo56Lg9Emg5s9V/qrtNBmiR01sYhUOwu3H+VOw==}

  make-dir@2.1.0:
    resolution: {integrity: sha512-LS9X+dc8KLxXCb8dni79fLIIUA5VyZoyjSMCwTluaXA0o27cCK0bhXkpgw+sTXVpPy/lSO57ilRixqk0vDmtRA==}
    engines: {node: '>=6'}

  marked-highlight@2.2.2:
    resolution: {integrity: sha512-KlHOP31DatbtPPXPaI8nx1KTrG3EW0Z5zewCwpUj65swbtKOTStteK3sNAjBqV75Pgo3fNEVNHeptg18mDuWgw==}
    peerDependencies:
      marked: '>=4 <17'

  marked@12.0.2:
    resolution: {integrity: sha512-qXUm7e/YKFoqFPYPa3Ukg9xlI5cyAtGmyEIzMfW//m6kXwCy2Ps9DYf5ioijFKQ8qyuscrHoY04iJGctu2Kg0Q==}
    engines: {node: '>= 18'}
    hasBin: true

  mime@1.6.0:
    resolution: {integrity: sha512-x0Vn8spI+wuJ1O6S7gnbaQg8Pxh4NNHb7KSINmEWKiPE4RKOplvijn+NkmYmmRgP68mc70j2EbeTFRsrswaQeg==}
    engines: {node: '>=4'}
    hasBin: true

  mitt@3.0.1:
    resolution: {integrity: sha512-vKivATfr97l2/QBCYAkXYDbrIWPM2IIKEl7YPhjCvKlG3kE2gm+uBo6nEXK3M5/Ffh/FLpKExzOQ3JJoJGFKBw==}

  muggle-string@0.4.1:
    resolution: {integrity: sha512-VNTrAak/KhO2i8dqqnqnAHOa3cYBwXEZe9h+D5h/1ZqFSTEFHdM65lR7RoIqq3tBBYavsOXV84NoHXZ0AkPyqQ==}

  nanoid@3.3.11:
    resolution: {integrity: sha512-N8SpfPUnUp1bK+PMYW8qSWdl9U+wwNWI4QKxOYDy9JAro3WMX7p2OeVRF9v+347pnakNevPmiHhNmZ2HbFA76w==}
    engines: {node: ^10 || ^12 || ^13.7 || ^14 || >=15.0.1}
    hasBin: true

  needle@3.3.1:
    resolution: {integrity: sha512-6k0YULvhpw+RoLNiQCRKOl09Rv1dPLr8hHnVjHqdolKwDrdNyk+Hmrthi4lIGPPz3r39dLx0hsF5s40sZ3Us4Q==}
    engines: {node: '>= 4.4.x'}
    hasBin: true

  parse-node-version@1.0.1:
    resolution: {integrity: sha512-3YHlOa/JgH6Mnpr05jP9eDG254US9ek25LyIxZlDItp2iJtwyaXQb57lBYLdT3MowkUFYEV2XXNAYIPlESvJlA==}
    engines: {node: '>= 0.10'}

  path-browserify@1.0.1:
    resolution: {integrity: sha512-b7uo2UCUOYZcnF/3ID0lulOJi/bafxa1xPe7ZPsammBSpjSWQkjNxlt635YGS2MiR9GjvuXCtz2emr3jbsz98g==}

  picocolors@1.1.1:
    resolution: {integrity: sha512-xceH2snhtb5M9liqDsmEw56le376mTZkEX/jEb/RxNFyegNul7eNslCXP9FDj/Lcu0X8KEyMceP2ntpaHrDEVA==}

  picomatch@4.0.3:
    resolution: {integrity: sha512-5gTmgEY/sqK6gFXLIsQNH19lWb4ebPDLA4SdLP7dsWkIXHWlG66oPuVvXSGFPppYZz8ZDZq0dYYrbHfBCVUb1Q==}
    engines: {node: '>=12'}

  pify@4.0.1:
    resolution: {integrity: sha512-uB80kBFb/tfd68bVleG9T5GGsGPjJrLAUpR5PZIrhBnIaRTQRjqdJSsIKkOP6OAIFbj7GOrcudc5pNjZ+geV2g==}
    engines: {node: '>=6'}

  postcss@8.5.6:
    resolution: {integrity: sha512-3Ybi1tAuwAP9s0r1UQ2J4n5Y0G05bJkpUIO0/bI9MhwmD70S5aTWbXGBwxHrelT+XM1k6dM0pk+SwNkpTRN7Pg==}
    engines: {node: ^10 || ^12 || >=14}

  prr@1.0.1:
    resolution: {integrity: sha512-yPw4Sng1gWghHQWj0B3ZggWUm4qVbPwPFcRG8KyxiU7J2OHFSoEHKS+EZ3fv5l1t9CyCiop6l/ZYeWbrgoQejw==}

  rolldown-vite@7.1.12:
    resolution: {integrity: sha512-JREtUS+Lpa3s5Ha3ajf2F4LMS4BFxlVjpGz0k0ZR8rV3ZO3tzk5hukqyi9yRBcrvnTUg/BEForyCDahALFYAZA==}
    engines: {node: ^20.19.0 || >=22.12.0}
    hasBin: true
    peerDependencies:
      '@types/node': ^20.19.0 || >=22.12.0
      esbuild: ^0.25.0
      jiti: '>=1.21.0'
      less: ^4.0.0
      sass: ^1.70.0
      sass-embedded: ^1.70.0
      stylus: '>=0.54.8'
      sugarss: ^5.0.0
      terser: ^5.16.0
      tsx: ^4.8.1
      yaml: ^2.4.2
    peerDependenciesMeta:
      '@types/node':
        optional: true
      esbuild:
        optional: true
      jiti:
        optional: true
      less:
        optional: true
      sass:
        optional: true
      sass-embedded:
        optional: true
      stylus:
        optional: true
      sugarss:
        optional: true
      terser:
        optional: true
      tsx:
        optional: true
      yaml:
        optional: true

  rolldown@1.0.0-beta.39:
    resolution: {integrity: sha512-05bTT0CJU9dvCRC0Uc4zwB79W5N9MV9OG/Inyx8KNE2pSrrApJoWxEEArW6rmjx113HIx5IreCoTjzLfgvXTdg==}
    engines: {node: ^20.19.0 || >=22.12.0}
    hasBin: true

  safer-buffer@2.1.2:
    resolution: {integrity: sha512-YZo3K82SD7Riyi0E1EQPojLz7kpepnSQI9IyPbHHg1XXXevb5dJI7tpyN2ADxGcQbHG7vcyRHk0cbwqcQriUtg==}

  sax@1.4.1:
    resolution: {integrity: sha512-+aWOz7yVScEGoKNd4PA10LZ8sk0A/z5+nXQG5giUO5rprX9jgYsTdov9qCchZiPIZezbZH+jRut8nPodFAX4Jg==}

  select@1.1.2:
    resolution: {integrity: sha512-OwpTSOfy6xSs1+pwcNrv0RBMOzI39Lp3qQKUTPVVPRjCdNa5JH/oPRiqsesIskK8TVgmRiHwO4KXlV2Li9dANA==}

  semver@5.7.2:
    resolution: {integrity: sha512-cBznnQ9KjJqU67B52RMC65CMarK2600WFnbkcaiwWq3xy/5haFJlshgnpjovMVJ+Hff49d8GEn0b87C5pDQ10g==}
    hasBin: true

  sortablejs@1.15.6:
    resolution: {integrity: sha512-aNfiuwMEpfBM/CN6LY0ibyhxPfPbyFeBTYJKCvzkJ2GkUpazIt3H+QIPAMHwqQ7tMKaHz1Qj+rJJCqljnf4p3A==}

  source-map-js@1.2.1:
    resolution: {integrity: sha512-UXWMKhLOwVKb728IUtQPXxfYU+usdybtUrK/8uGE8CQMvrhOpwvzDBwj0QhSL7MQc7vIsISBG8VQ8+IDQxpfQA==}
    engines: {node: '>=0.10.0'}

  source-map@0.6.1:
    resolution: {integrity: sha512-UjgapumWlbMhkBgzT7Ykc5YXUT46F0iKu8SGXq0bcwP5dz/h0Plj6enJqjz1Zbq2l5WaqYnrVbwWOWMyF3F47g==}
    engines: {node: '>=0.10.0'}

  tdesign-icons-vue-next@0.3.7:
    resolution: {integrity: sha512-Q5ebVty/TCqhBa0l/17kkhjC0pBAOGvn7C35MAt1xS+johKVM9QEDOy9R6XEl332AiwQ37MwqioczqjYC30ckw==}
    peerDependencies:
      vue: ^3.0.0

  tdesign-icons-vue-next@0.4.1:
    resolution: {integrity: sha512-uDPuTLRORnGcTyVGNoentNaK4V+ZcBmhYwcY3KqDaQQ5rrPeLMxu0ZVmgOEf0JtF2QZiqAxY7vodNEiLUdoRKA==}
    peerDependencies:
      vue: ^3.0.0

  tdesign-vue-next@1.16.1:
    resolution: {integrity: sha512-UftAv+Zp1670Ld0+EfCk5/8X4OigKvXKDTgO3X2PIvq8KTZA1Nvf0IegYvwCoKAjCaV1jYEmEHuGfmlXskdSCg==}
    engines: {node: '>= 18'}
    peerDependencies:
      vue: '>=3.1.0'

  tiny-emitter@2.1.0:
    resolution: {integrity: sha512-NB6Dk1A9xgQPMoGqC5CVXn123gWyte215ONT5Pp5a0yt4nlEoO1ZWeCwpncaekPHXO60i47ihFnZPiRPjRMq4Q==}

  tinycolor2@1.6.0:
    resolution: {integrity: sha512-XPaBkWQJdsf3pLKJV9p4qN/S+fm2Oj8AIPo1BTUhg5oxkvm9+SVEGFdhyOz7tTdUTfvxMiAs4sp6/eZO2Ew+pw==}

  tinyglobby@0.2.15:
    resolution: {integrity: sha512-j2Zq4NyQYG5XMST4cbs02Ak8iJUdxRM0XI5QyxXuZOzKOINmWurp3smXu3y5wDcJrptwpSjgXHzIQxR0omXljQ==}
    engines: {node: '>=12.0.0'}

  tslib@2.8.1:
    resolution: {integrity: sha512-oJFu94HQb+KVduSUQL7wnpmqnfmLsOA/nAh6b6EH0wCEoK0/mPeXU6c3wKDV83MkOuHPRHtSXKKU99IBazS/2w==}

  typescript@5.8.3:
    resolution: {integrity: sha512-p1diW6TqL9L07nNxvRMM7hMMw4c5XOo/1ibL4aAIGmSAt9slTE1Xgw5KWuof2uTOvCg9BY7ZRi+GaF+7sfgPeQ==}
    engines: {node: '>=14.17'}
    hasBin: true

  validator@13.15.15:
    resolution: {integrity: sha512-BgWVbCI72aIQy937xbawcs+hrVaN/CZ2UwutgaJ36hGqRrLNM+f5LUT/YPRbo8IV/ASeFzXszezV+y2+rq3l8A==}
    engines: {node: '>= 0.10'}

  vscode-uri@3.1.0:
    resolution: {integrity: sha512-/BpdSx+yCQGnCvecbyXdxHDkuk55/G3xwnC0GqY4gmQ3j+A+g8kzzgB4Nk/SINjqn6+waqw3EgbVF2QKExkRxQ==}

  vue-tsc@3.0.8:
    resolution: {integrity: sha512-H9yg/m6ywykmWS+pIAEs65v2FrVm5uOA0a0dHkX6Sx8dNg1a1m4iudt/6eGa9fAenmNHGlLFN9XpWQb8i5sU1w==}
    hasBin: true
    peerDependencies:
      typescript: '>=5.0.0'

  vue@3.5.21:
    resolution: {integrity: sha512-xxf9rum9KtOdwdRkiApWL+9hZEMWE90FHh8yS1+KJAiWYh+iGWV1FquPjoO9VUHQ+VIhsCXNNyZ5Sf4++RVZBA==}
    peerDependencies:
      typescript: '*'
    peerDependenciesMeta:
      typescript:
        optional: true

snapshots:

  '@babel/helper-string-parser@7.27.1': {}

  '@babel/helper-validator-identifier@7.27.1': {}

  '@babel/parser@7.28.4':
    dependencies:
      '@babel/types': 7.28.4

  '@babel/runtime@7.28.4': {}

  '@babel/types@7.28.4':
    dependencies:
      '@babel/helper-string-parser': 7.27.1
      '@babel/helper-validator-identifier': 7.27.1

  '@emnapi/core@1.5.0':
    dependencies:
      '@emnapi/wasi-threads': 1.1.0
      tslib: 2.8.1
    optional: true

  '@emnapi/runtime@1.5.0':
    dependencies:
      tslib: 2.8.1
    optional: true

  '@emnapi/wasi-threads@1.1.0':
    dependencies:
      tslib: 2.8.1
    optional: true

  '@jridgewell/sourcemap-codec@1.5.5': {}

  '@napi-rs/wasm-runtime@1.0.5':
    dependencies:
      '@emnapi/core': 1.5.0
      '@emnapi/runtime': 1.5.0
      '@tybys/wasm-util': 0.10.1
    optional: true

  '@oxc-project/runtime@0.90.0': {}

  '@oxc-project/types@0.90.0': {}

  '@popperjs/core@2.11.8': {}

  '@rolldown/binding-android-arm64@1.0.0-beta.39':
    optional: true

  '@rolldown/binding-darwin-arm64@1.0.0-beta.39':
    optional: true

  '@rolldown/binding-darwin-x64@1.0.0-beta.39':
    optional: true

  '@rolldown/binding-freebsd-x64@1.0.0-beta.39':
    optional: true

  '@rolldown/binding-linux-arm-gnueabihf@1.0.0-beta.39':
    optional: true

  '@rolldown/binding-linux-arm64-gnu@1.0.0-beta.39':
    optional: true

  '@rolldown/binding-linux-arm64-musl@1.0.0-beta.39':
    optional: true

  '@rolldown/binding-linux-x64-gnu@1.0.0-beta.39':
    optional: true

  '@rolldown/binding-linux-x64-musl@1.0.0-beta.39':
    optional: true

  '@rolldown/binding-openharmony-arm64@1.0.0-beta.39':
    optional: true

  '@rolldown/binding-wasm32-wasi@1.0.0-beta.39':
    dependencies:
      '@napi-rs/wasm-runtime': 1.0.5
    optional: true

  '@rolldown/binding-win32-arm64-msvc@1.0.0-beta.39':
    optional: true

  '@rolldown/binding-win32-ia32-msvc@1.0.0-beta.39':
    optional: true

  '@rolldown/binding-win32-x64-msvc@1.0.0-beta.39':
    optional: true

  '@rolldown/pluginutils@1.0.0-beta.29': {}

  '@rolldown/pluginutils@1.0.0-beta.39': {}

  '@tdesign-vue-next/chat@0.4.6(vue@3.5.21(typescript@5.8.3))':
    dependencies:
      '@babel/runtime': 7.28.4
      '@types/lodash-es': 4.17.12
      clipboard: 2.0.11
      highlight.js: 11.11.1
      lodash-es: 4.17.21
      marked: 12.0.2
      marked-highlight: 2.2.2(marked@12.0.2)
      tdesign-icons-vue-next: 0.4.1(vue@3.5.21(typescript@5.8.3))
      tdesign-vue-next: 1.16.1(vue@3.5.21(typescript@5.8.3))
      vue: 3.5.21(typescript@5.8.3)

  '@tybys/wasm-util@0.10.1':
    dependencies:
      tslib: 2.8.1
    optional: true

  '@types/lodash-es@4.17.12':
    dependencies:
      '@types/lodash': 4.17.20

  '@types/lodash@4.17.20': {}

  '@types/sortablejs@1.15.8': {}

  '@types/tinycolor2@1.4.6': {}

  '@types/validator@13.15.3': {}

  '@vitejs/plugin-vue@6.0.1(rolldown-vite@7.1.12(less@4.4.1))(vue@3.5.21(typescript@5.8.3))':
    dependencies:
      '@rolldown/pluginutils': 1.0.0-beta.29
      vite: rolldown-vite@7.1.12(less@4.4.1)
      vue: 3.5.21(typescript@5.8.3)

  '@volar/language-core@2.4.23':
    dependencies:
      '@volar/source-map': 2.4.23

  '@volar/source-map@2.4.23': {}

  '@volar/typescript@2.4.23':
    dependencies:
      '@volar/language-core': 2.4.23
      path-browserify: 1.0.1
      vscode-uri: 3.1.0

  '@vue/compiler-core@3.5.21':
    dependencies:
      '@babel/parser': 7.28.4
      '@vue/shared': 3.5.21
      entities: 4.5.0
      estree-walker: 2.0.2
      source-map-js: 1.2.1

  '@vue/compiler-dom@3.5.21':
    dependencies:
      '@vue/compiler-core': 3.5.21
      '@vue/shared': 3.5.21

  '@vue/compiler-sfc@3.5.21':
    dependencies:
      '@babel/parser': 7.28.4
      '@vue/compiler-core': 3.5.21
      '@vue/compiler-dom': 3.5.21
      '@vue/compiler-ssr': 3.5.21
      '@vue/shared': 3.5.21
      estree-walker: 2.0.2
      magic-string: 0.30.19
      postcss: 8.5.6
      source-map-js: 1.2.1

  '@vue/compiler-ssr@3.5.21':
    dependencies:
      '@vue/compiler-dom': 3.5.21
      '@vue/shared': 3.5.21

  '@vue/compiler-vue2@2.7.16':
    dependencies:
      de-indent: 1.0.2
      he: 1.2.0

  '@vue/language-core@3.0.8(typescript@5.8.3)':
    dependencies:
      '@volar/language-core': 2.4.23
      '@vue/compiler-dom': 3.5.21
      '@vue/compiler-vue2': 2.7.16
      '@vue/shared': 3.5.21
      alien-signals: 2.0.7
      muggle-string: 0.4.1
      path-browserify: 1.0.1
      picomatch: 4.0.3
    optionalDependencies:
      typescript: 5.8.3

  '@vue/reactivity@3.5.21':
    dependencies:
      '@vue/shared': 3.5.21

  '@vue/runtime-core@3.5.21':
    dependencies:
      '@vue/reactivity': 3.5.21
      '@vue/shared': 3.5.21

  '@vue/runtime-dom@3.5.21':
    dependencies:
      '@vue/reactivity': 3.5.21
      '@vue/runtime-core': 3.5.21
      '@vue/shared': 3.5.21
      csstype: 3.1.3

  '@vue/server-renderer@3.5.21(vue@3.5.21(typescript@5.8.3))':
    dependencies:
      '@vue/compiler-ssr': 3.5.21
      '@vue/shared': 3.5.21
      vue: 3.5.21(typescript@5.8.3)

  '@vue/shared@3.5.21': {}

  '@vue/tsconfig@0.8.1(typescript@5.8.3)(vue@3.5.21(typescript@5.8.3))':
    optionalDependencies:
      typescript: 5.8.3
      vue: 3.5.21(typescript@5.8.3)

  alien-signals@2.0.7: {}

  ansis@4.1.0: {}

  clipboard@2.0.11:
    dependencies:
      good-listener: 1.2.2
      select: 1.1.2
      tiny-emitter: 2.1.0

  copy-anything@2.0.6:
    dependencies:
      is-what: 3.14.1

  csstype@3.1.3: {}

  dayjs@1.11.18: {}

  de-indent@1.0.2: {}

  delegate@3.2.0: {}

  detect-libc@2.1.0: {}

  entities@4.5.0: {}

  errno@0.1.8:
    dependencies:
      prr: 1.0.1
    optional: true

  estree-walker@2.0.2: {}

  fdir@6.5.0(picomatch@4.0.3):
    optionalDependencies:
      picomatch: 4.0.3

  fsevents@2.3.3:
    optional: true

  good-listener@1.2.2:
    dependencies:
      delegate: 3.2.0

  graceful-fs@4.2.11:
    optional: true

  he@1.2.0: {}

  highlight.js@11.11.1: {}

  iconv-lite@0.6.3:
    dependencies:
      safer-buffer: 2.1.2
    optional: true

  image-size@0.5.5:
    optional: true

  is-what@3.14.1: {}

  less@4.4.1:
    dependencies:
      copy-anything: 2.0.6
      parse-node-version: 1.0.1
      tslib: 2.8.1
    optionalDependencies:
      errno: 0.1.8
      graceful-fs: 4.2.11
      image-size: 0.5.5
      make-dir: 2.1.0
      mime: 1.6.0
      needle: 3.3.1
      source-map: 0.6.1

  lightningcss-darwin-arm64@1.30.1:
    optional: true

  lightningcss-darwin-x64@1.30.1:
    optional: true

  lightningcss-freebsd-x64@1.30.1:
    optional: true

  lightningcss-linux-arm-gnueabihf@1.30.1:
    optional: true

  lightningcss-linux-arm64-gnu@1.30.1:
    optional: true

  lightningcss-linux-arm64-musl@1.30.1:
    optional: true

  lightningcss-linux-x64-gnu@1.30.1:
    optional: true

  lightningcss-linux-x64-musl@1.30.1:
    optional: true

  lightningcss-win32-arm64-msvc@1.30.1:
    optional: true

  lightningcss-win32-x64-msvc@1.30.1:
    optional: true

  lightningcss@1.30.1:
    dependencies:
      detect-libc: 2.1.0
    optionalDependencies:
      lightningcss-darwin-arm64: 1.30.1
      lightningcss-darwin-x64: 1.30.1
      lightningcss-freebsd-x64: 1.30.1
      lightningcss-linux-arm-gnueabihf: 1.30.1
      lightningcss-linux-arm64-gnu: 1.30.1
      lightningcss-linux-arm64-musl: 1.30.1
      lightningcss-linux-x64-gnu: 1.30.1
      lightningcss-linux-x64-musl: 1.30.1
      lightningcss-win32-arm64-msvc: 1.30.1
      lightningcss-win32-x64-msvc: 1.30.1

  lodash-es@4.17.21: {}

  magic-string@0.30.19:
    dependencies:
      '@jridgewell/sourcemap-codec': 1.5.5

  make-dir@2.1.0:
    dependencies:
      pify: 4.0.1
      semver: 5.7.2
    optional: true

  marked-highlight@2.2.2(marked@12.0.2):
    dependencies:
      marked: 12.0.2

  marked@12.0.2: {}

  mime@1.6.0:
    optional: true

  mitt@3.0.1: {}

  muggle-string@0.4.1: {}

  nanoid@3.3.11: {}

  needle@3.3.1:
    dependencies:
      iconv-lite: 0.6.3
      sax: 1.4.1
    optional: true

  parse-node-version@1.0.1: {}

  path-browserify@1.0.1: {}

  picocolors@1.1.1: {}

  picomatch@4.0.3: {}

  pify@4.0.1:
    optional: true

  postcss@8.5.6:
    dependencies:
      nanoid: 3.3.11
      picocolors: 1.1.1
      source-map-js: 1.2.1

  prr@1.0.1:
    optional: true

  rolldown-vite@7.1.12(less@4.4.1):
    dependencies:
      '@oxc-project/runtime': 0.90.0
      fdir: 6.5.0(picomatch@4.0.3)
      lightningcss: 1.30.1
      picomatch: 4.0.3
      postcss: 8.5.6
      rolldown: 1.0.0-beta.39
      tinyglobby: 0.2.15
    optionalDependencies:
      fsevents: 2.3.3
      less: 4.4.1

  rolldown@1.0.0-beta.39:
    dependencies:
      '@oxc-project/types': 0.90.0
      '@rolldown/pluginutils': 1.0.0-beta.39
      ansis: 4.1.0
    optionalDependencies:
      '@rolldown/binding-android-arm64': 1.0.0-beta.39
      '@rolldown/binding-darwin-arm64': 1.0.0-beta.39
      '@rolldown/binding-darwin-x64': 1.0.0-beta.39
      '@rolldown/binding-freebsd-x64': 1.0.0-beta.39
      '@rolldown/binding-linux-arm-gnueabihf': 1.0.0-beta.39
      '@rolldown/binding-linux-arm64-gnu': 1.0.0-beta.39
      '@rolldown/binding-linux-arm64-musl': 1.0.0-beta.39
      '@rolldown/binding-linux-x64-gnu': 1.0.0-beta.39
      '@rolldown/binding-linux-x64-musl': 1.0.0-beta.39
      '@rolldown/binding-openharmony-arm64': 1.0.0-beta.39
      '@rolldown/binding-wasm32-wasi': 1.0.0-beta.39
      '@rolldown/binding-win32-arm64-msvc': 1.0.0-beta.39
      '@rolldown/binding-win32-ia32-msvc': 1.0.0-beta.39
      '@rolldown/binding-win32-x64-msvc': 1.0.0-beta.39

  safer-buffer@2.1.2:
    optional: true

  sax@1.4.1:
    optional: true

  select@1.1.2: {}

  semver@5.7.2:
    optional: true

  sortablejs@1.15.6: {}

  source-map-js@1.2.1: {}

  source-map@0.6.1:
    optional: true

  tdesign-icons-vue-next@0.3.7(vue@3.5.21(typescript@5.8.3)):
    dependencies:
      '@babel/runtime': 7.28.4
      vue: 3.5.21(typescript@5.8.3)

  tdesign-icons-vue-next@0.4.1(vue@3.5.21(typescript@5.8.3)):
    dependencies:
      '@babel/runtime': 7.28.4
      vue: 3.5.21(typescript@5.8.3)

  tdesign-vue-next@1.16.1(vue@3.5.21(typescript@5.8.3)):
    dependencies:
      '@babel/runtime': 7.28.4
      '@popperjs/core': 2.11.8
      '@types/lodash-es': 4.17.12
      '@types/sortablejs': 1.15.8
      '@types/tinycolor2': 1.4.6
      '@types/validator': 13.15.3
      dayjs: 1.11.18
      lodash-es: 4.17.21
      mitt: 3.0.1
      sortablejs: 1.15.6
      tdesign-icons-vue-next: 0.3.7(vue@3.5.21(typescript@5.8.3))
      tinycolor2: 1.6.0
      validator: 13.15.15
      vue: 3.5.21(typescript@5.8.3)

  tiny-emitter@2.1.0: {}

  tinycolor2@1.6.0: {}

  tinyglobby@0.2.15:
    dependencies:
      fdir: 6.5.0(picomatch@4.0.3)
      picomatch: 4.0.3

  tslib@2.8.1: {}

  typescript@5.8.3: {}

  validator@13.15.15: {}

  vscode-uri@3.1.0: {}

  vue-tsc@3.0.8(typescript@5.8.3):
    dependencies:
      '@volar/typescript': 2.4.23
      '@vue/language-core': 3.0.8(typescript@5.8.3)
      typescript: 5.8.3

  vue@3.5.21(typescript@5.8.3):
    dependencies:
      '@vue/compiler-dom': 3.5.21
      '@vue/compiler-sfc': 3.5.21
      '@vue/runtime-dom': 3.5.21
      '@vue/server-renderer': 3.5.21(vue@3.5.21(typescript@5.8.3))
      '@vue/shared': 3.5.21
    optionalDependencies:
      typescript: 5.8.3
